
Microsoft Visual Studio Solution File, Format Version 12.00
# Visual Studio Version 17
VisualStudioVersion = 17.0.32002.185
MinimumVisualStudioVersion = 10.0.40219.1
Project("{FAE04EC0-301F-11D3-BF4B-00C04F79EFBC}") = "Sample504", "Sample504\Sample504.csproj", "{B684E1AB-6200-4F59-A7B1-3E248EA1C205}"
EndProject
Global
	GlobalSection(SolutionConfigurationPlatforms) = preSolution
		Debug|Any CPU = Debug|Any CPU
		Release|Any CPU = Release|Any CPU
	EndGlobalSection
	GlobalSection(ProjectConfigurationPlatforms) = postSolution
		{B684E1AB-6200-4F59-A7B1-3E248EA1C205}.Debug|Any CPU.ActiveCfg = Debug|Any CPU
		{B684E1AB-6200-4F59-A7B1-3E248EA1C205}.Debug|Any CPU.Build.0 = Debug|Any CPU
		{B684E1AB-6200-4F59-A7B1-3E248EA1C205}.Release|Any CPU.ActiveCfg = Release|Any CPU
		{B684E1AB-6200-4F59-A7B1-3E248EA1C205}.Release|Any CPU.Build.0 = Release|Any CPU
	EndGlobalSection
	GlobalSection(SolutionProperties) = preSolution
		HideSolutionNode = FALSE
	EndGlobalSection
	GlobalSection(ExtensibilityGlobals) = postSolution
		SolutionGuid = {793FB5BC-5A3B-4617-BDD8-D93352FDE3BB}
	EndGlobalSection
EndGlobal
